
Microsoft Visual Studio Solution File, Format Version 12.00
# Visual Studio 15
VisualStudioVersion = 15.0.28307.1259
MinimumVisualStudioVersion = 10.0.40219.1
Project("{F184B08F-C81C-45F6-A57F-5ABD9991F28F}") = "Theme Install", "Theme Install\Theme Install.vbproj", "{459C5E6B-8076-4C10-B6E1-7E086E974053}"
EndProject
Global
	GlobalSection(SolutionConfigurationPlatforms) = preSolution
		Debug|Any CPU = Debug|Any CPU
		Release|Any CPU = Release|Any CPU
	EndGlobalSection
	GlobalSection(ProjectConfigurationPlatforms) = postSolution
		{459C5E6B-8076-4C10-B6E1-7E086E974053}.Debug|Any CPU.ActiveCfg = Debug|Any CPU
		{459C5E6B-8076-4C10-B6E1-7E086E974053}.Debug|Any CPU.Build.0 = Debug|Any CPU
		{459C5E6B-8076-4C10-B6E1-7E086E974053}.Release|Any CPU.ActiveCfg = Release|Any CPU
		{459C5E6B-8076-4C10-B6E1-7E086E974053}.Release|Any CPU.Build.0 = Release|Any CPU
	EndGlobalSection
	GlobalSection(SolutionProperties) = preSolution
		HideSolutionNode = FALSE
	EndGlobalSection
	GlobalSection(ExtensibilityGlobals) = postSolution
		SolutionGuid = {85D7F126-5C67-4E22-9C8C-7C632585C792}
	EndGlobalSection
EndGlobal
